
Microsoft Visual Studio Solution File, Format Version 12.00
# Visual Studio Version 16
VisualStudioVersion = 16.0.31205.134
MinimumVisualStudioVersion = 10.0.40219.1
Project("{FAE04EC0-301F-11D3-BF4B-00C04F79EFBC}") = "TimerTestApp", "TimerTestApp.csproj", "{EC548B13-B3B1-4DB9-B0C4-21A33D4C1652}"
EndProject
Project("{FAE04EC0-301F-11D3-BF4B-00C04F79EFBC}") = "TimerTests", "..\TimerTests\TimerTests.csproj", "{B9F7ED38-CB74-486A-B88B-C9683047622B}"
EndProject
Global
	GlobalSection(SolutionConfigurationPlatforms) = preSolution
		Debug|Any CPU = Debug|Any CPU
		Release|Any CPU = Release|Any CPU
	EndGlobalSection
	GlobalSection(ProjectConfigurationPlatforms) = postSolution
		{EC548B13-B3B1-4DB9-B0C4-21A33D4C1652}.Debug|Any CPU.ActiveCfg = Debug|Any CPU
		{EC548B13-B3B1-4DB9-B0C4-21A33D4C1652}.Debug|Any CPU.Build.0 = Debug|Any CPU
		{EC548B13-B3B1-4DB9-B0C4-21A33D4C1652}.Release|Any CPU.ActiveCfg = Release|Any CPU
		{EC548B13-B3B1-4DB9-B0C4-21A33D4C1652}.Release|Any CPU.Build.0 = Release|Any CPU
		{B9F7ED38-CB74-486A-B88B-C9683047622B}.Debug|Any CPU.ActiveCfg = Debug|Any CPU
		{B9F7ED38-CB74-486A-B88B-C9683047622B}.Debug|Any CPU.Build.0 = Debug|Any CPU
		{B9F7ED38-CB74-486A-B88B-C9683047622B}.Release|Any CPU.ActiveCfg = Release|Any CPU
		{B9F7ED38-CB74-486A-B88B-C9683047622B}.Release|Any CPU.Build.0 = Release|Any CPU
	EndGlobalSection
	GlobalSection(SolutionProperties) = preSolution
		HideSolutionNode = FALSE
	EndGlobalSection
	GlobalSection(ExtensibilityGlobals) = postSolution
		SolutionGuid = {50755A16-362E-4FAC-8D62-B149CF66B681}
	EndGlobalSection
EndGlobal
